// !$*UTF8*$!
{
	archiveVersion = 1;
	classes = {
	};
	objectVersion = 56;
	objects = {

/* Begin PBXBuildFile section */
		B343B5732B6D935A001186C4 /* LandmarksApp.swift in Sources */ = {isa = PBXBuildFile; fileRef = B343B5722B6D935A001186C4 /* LandmarksApp.swift */; };
		B343B5752B6D935A001186C4 /* ContentView.swift in Sources */ = {isa = PBXBuildFile; fileRef = B343B5742B6D935A001186C4 /* ContentView.swift */; };
		B343B5772B6D935B001186C4 /* Assets.xcassets in Resources */ = {isa = PBXBuildFile; fileRef = B343B5762B6D935B001186C4 /* Assets.xcassets */; };
		B343B57A2B6D935B001186C4 /* Preview Assets.xcassets in Resources */ = {isa = PBXBuildFile; fileRef = B343B5792B6D935B001186C4 /* Preview Assets.xcassets */; };
		B36850CD2B6ECE9E00948525 /* FavoriteButton.swift in Sources */ = {isa = PBXBuildFile; fileRef = B36850CC2B6ECE9E00948525 /* FavoriteButton.swift */; };
		B36850D22B6EDFD900948525 /* HexagonParameters.swift in Sources */ = {isa = PBXBuildFile; fileRef = B36850D12B6EDFD900948525 /* HexagonParameters.swift */; };
		B36850D42B6EE0D400948525 /* BadgeBackground.swift in Sources */ = {isa = PBXBuildFile; fileRef = B36850D32B6EE0D400948525 /* BadgeBackground.swift */; };
		B36850D62B6EFFE100948525 /* BadgeSymbol.swift in Sources */ = {isa = PBXBuildFile; fileRef = B36850D52B6EFFE100948525 /* BadgeSymbol.swift */; };
		B36850D82B6F00ED00948525 /* RotatedBadgeSymbol.swift in Sources */ = {isa = PBXBuildFile; fileRef = B36850D72B6F00ED00948525 /* RotatedBadgeSymbol.swift */; };
		B36850DA2B6F017200948525 /* Badge.swift in Sources */ = {isa = PBXBuildFile; fileRef = B36850D92B6F017200948525 /* Badge.swift */; };
		B3AF73CB2B6D99FB00AA075B /* CircleImage.swift in Sources */ = {isa = PBXBuildFile; fileRef = B3AF73CA2B6D99FB00AA075B /* CircleImage.swift */; };
		B3AF73CD2B6D9B3400AA075B /* MapView.swift in Sources */ = {isa = PBXBuildFile; fileRef = B3AF73CC2B6D9B3400AA075B /* MapView.swift */; };
		B3AF73CF2B6DA9F200AA075B /* landmarkData.json in Resources */ = {isa = PBXBuildFile; fileRef = B3AF73CE2B6DA9F200AA075B /* landmarkData.json */; };
		B3AF73D12B6DAA4800AA075B /* Landmark.swift in Sources */ = {isa = PBXBuildFile; fileRef = B3AF73D02B6DAA4800AA075B /* Landmark.swift */; };
		B3AF73D52B6DADC600AA075B /* ModelData.swift in Sources */ = {isa = PBXBuildFile; fileRef = B3AF73D42B6DADC600AA075B /* ModelData.swift */; };
		B3AF73DB2B6DB1A200AA075B /* LandmarkRow.swift in Sources */ = {isa = PBXBuildFile; fileRef = B3AF73DA2B6DB1A200AA075B /* LandmarkRow.swift */; };
		B3AF73DD2B6DB5A100AA075B /* LandmarkList.swift in Sources */ = {isa = PBXBuildFile; fileRef = B3AF73DC2B6DB5A100AA075B /* LandmarkList.swift */; };
		B3AF73E12B6DB7A800AA075B /* LandmarkDetail.swift in Sources */ = {isa = PBXBuildFile; fileRef = B3AF73E02B6DB7A800AA075B /* LandmarkDetail.swift */; };
/* End PBXBuildFile section */

/* Begin PBXFileReference section */
		B343B56F2B6D935A001186C4 /* Landmarks.app */ = {isa = PBXFileReference; explicitFileType = wrapper.application; includeInIndex = 0; path = Landmarks.app; sourceTree = BUILT_PRODUCTS_DIR; };
		B343B5722B6D935A001186C4 /* LandmarksApp.swift */ = {isa = PBXFileReference; lastKnownFileType = sourcecode.swift; path = LandmarksApp.swift; sourceTree = "<group>"; };
		B343B5742B6D935A001186C4 /* ContentView.swift */ = {isa = PBXFileReference; lastKnownFileType = sourcecode.swift; path = ContentView.swift; sourceTree = "<group>"; };
		B343B5762B6D935B001186C4 /* Assets.xcassets */ = {isa = PBXFileReference; lastKnownFileType = folder.assetcatalog; path = Assets.xcassets; sourceTree = "<group>"; };
		B343B5792B6D935B001186C4 /* Preview Assets.xcassets */ = {isa = PBXFileReference; lastKnownFileType = folder.assetcatalog; path = "Preview Assets.xcassets"; sourceTree = "<group>"; };
		B36850CC2B6ECE9E00948525 /* FavoriteButton.swift */ = {isa = PBXFileReference; lastKnownFileType = sourcecode.swift; path = FavoriteButton.swift; sourceTree = "<group>"; };
		B36850D12B6EDFD900948525 /* HexagonParameters.swift */ = {isa = PBXFileReference; lastKnownFileType = sourcecode.swift; path = HexagonParameters.swift; sourceTree = "<group>"; };
		B36850D32B6EE0D400948525 /* BadgeBackground.swift */ = {isa = PBXFileReference; lastKnownFileType = sourcecode.swift; path = BadgeBackground.swift; sourceTree = "<group>"; };
		B36850D52B6EFFE100948525 /* BadgeSymbol.swift */ = {isa = PBXFileReference; lastKnownFileType = sourcecode.swift; path = BadgeSymbol.swift; sourceTree = "<group>"; };
		B36850D72B6F00ED00948525 /* RotatedBadgeSymbol.swift */ = {isa = PBXFileReference; lastKnownFileType = sourcecode.swift; path = RotatedBadgeSymbol.swift; sourceTree = "<group>"; };
		B36850D92B6F017200948525 /* Badge.swift */ = {isa = PBXFileReference; lastKnownFileType = sourcecode.swift; path = Badge.swift; sourceTree = "<group>"; };
		B3AF73CA2B6D99FB00AA075B /* CircleImage.swift */ = {isa = PBXFileReference; lastKnownFileType = sourcecode.swift; path = CircleImage.swift; sourceTree = "<group>"; };
		B3AF73CC2B6D9B3400AA075B /* MapView.swift */ = {isa = PBXFileReference; lastKnownFileType = sourcecode.swift; path = MapView.swift; sourceTree = "<group>"; };
		B3AF73CE2B6DA9F200AA075B /* landmarkData.json */ = {isa = PBXFileReference; fileEncoding = 4; lastKnownFileType = text.json; path = landmarkData.json; sourceTree = "<group>"; };
		B3AF73D02B6DAA4800AA075B /* Landmark.swift */ = {isa = PBXFileReference; lastKnownFileType = sourcecode.swift; path = Landmark.swift; sourceTree = "<group>"; };
		B3AF73D42B6DADC600AA075B /* ModelData.swift */ = {isa = PBXFileReference; lastKnownFileType = sourcecode.swift; path = ModelData.swift; sourceTree = "<group>"; };
		B3AF73DA2B6DB1A200AA075B /* LandmarkRow.swift */ = {isa = PBXFileReference; lastKnownFileType = sourcecode.swift; name = LandmarkRow.swift; path = Views/Landmarks/LandmarkRow.swift; sourceTree = SOURCE_ROOT; };
		B3AF73DC2B6DB5A100AA075B /* LandmarkList.swift */ = {isa = PBXFileReference; lastKnownFileType = sourcecode.swift; path = LandmarkList.swift; sourceTree = "<group>"; };
		B3AF73E02B6DB7A800AA075B /* LandmarkDetail.swift */ = {isa = PBXFileReference; lastKnownFileType = sourcecode.swift; path = LandmarkDetail.swift; sourceTree = "<group>"; };
/* End PBXFileReference section */

/* Begin PBXFrameworksBuildPhase section */
		B343B56C2B6D935A001186C4 /* Frameworks */ = {
			isa = PBXFrameworksBuildPhase;
			buildActionMask = 2147483647;
			files = (
			);
			runOnlyForDeploymentPostprocessing = 0;
		};
/* End PBXFrameworksBuildPhase section */

/* Begin PBXGroup section */
		B343B5662B6D935A001186C4 = {
			isa = PBXGroup;
			children = (
				B343B5762B6D935B001186C4 /* Assets.xcassets */,
				B3AF73D82B6DB0A600AA075B /* Resources */,
				B3AF73D92B6DB0D500AA075B /* Model */,
				B3AF73D72B6DB07400AA075B /* Views */,
				B343B5712B6D935A001186C4 /* Landmarks */,
				B343B5702B6D935A001186C4 /* Products */,
			);
			sourceTree = "<group>";
		};
		B343B5702B6D935A001186C4 /* Products */ = {
			isa = PBXGroup;
			children = (
				B343B56F2B6D935A001186C4 /* Landmarks.app */,
			);
			name = Products;
			sourceTree = "<group>";
		};
		B343B5712B6D935A001186C4 /* Landmarks */ = {
			isa = PBXGroup;
			children = (
				B343B5722B6D935A001186C4 /* LandmarksApp.swift */,
				B343B5782B6D935B001186C4 /* Preview Content */,
			);
			path = Landmarks;
			sourceTree = "<group>";
		};
		B343B5782B6D935B001186C4 /* Preview Content */ = {
			isa = PBXGroup;
			children = (
				B343B5792B6D935B001186C4 /* Preview Assets.xcassets */,
			);
			path = "Preview Content";
			sourceTree = "<group>";
		};
		B36850CF2B6ED01600948525 /* Helper */ = {
			isa = PBXGroup;
			children = (
				B36850CC2B6ECE9E00948525 /* FavoriteButton.swift */,
				B3AF73CC2B6D9B3400AA075B /* MapView.swift */,
				B3AF73CA2B6D99FB00AA075B /* CircleImage.swift */,
			);
			path = Helper;
			sourceTree = "<group>";
		};
		B36850D02B6ED07300948525 /* Landmarks */ = {
			isa = PBXGroup;
			children = (
				B3AF73E02B6DB7A800AA075B /* LandmarkDetail.swift */,
				B3AF73DA2B6DB1A200AA075B /* LandmarkRow.swift */,
				B3AF73DC2B6DB5A100AA075B /* LandmarkList.swift */,
			);
			path = Landmarks;
			sourceTree = "<group>";
		};
		B36850DB2B6F040B00948525 /* Badges */ = {
			isa = PBXGroup;
			children = (
				B36850D12B6EDFD900948525 /* HexagonParameters.swift */,
				B36850D32B6EE0D400948525 /* BadgeBackground.swift */,
				B36850D52B6EFFE100948525 /* BadgeSymbol.swift */,
				B36850D72B6F00ED00948525 /* RotatedBadgeSymbol.swift */,
				B36850D92B6F017200948525 /* Badge.swift */,
			);
			path = Badges;
			sourceTree = "<group>";
		};
		B3AF73D72B6DB07400AA075B /* Views */ = {
			isa = PBXGroup;
			children = (
				B343B5742B6D935A001186C4 /* ContentView.swift */,
				B36850CF2B6ED01600948525 /* Helper */,
				B36850D02B6ED07300948525 /* Landmarks */,
				B36850DB2B6F040B00948525 /* Badges */,
			);
			path = Views;
			sourceTree = "<group>";
		};
		B3AF73D82B6DB0A600AA075B /* Resources */ = {
			isa = PBXGroup;
			children = (
				B3AF73CE2B6DA9F200AA075B /* landmarkData.json */,
			);
			path = Resources;
			sourceTree = "<group>";
		};
		B3AF73D92B6DB0D500AA075B /* Model */ = {
			isa = PBXGroup;
			children = (
				B3AF73D42B6DADC600AA075B /* ModelData.swift */,
				B3AF73D02B6DAA4800AA075B /* Landmark.swift */,
			);
			path = Model;
			sourceTree = "<group>";
		};
/* End PBXGroup section */

/* Begin PBXNativeTarget section */
		B343B56E2B6D935A001186C4 /* Landmarks */ = {
			isa = PBXNativeTarget;
			buildConfigurationList = B343B57D2B6D935B001186C4 /* Build configuration list for PBXNativeTarget "Landmarks" */;
			buildPhases = (
				B343B56B2B6D935A001186C4 /* Sources */,
				B343B56C2B6D935A001186C4 /* Frameworks */,
				B343B56D2B6D935A001186C4 /* Resources */,
			);
			buildRules = (
			);
			dependencies = (
			);
			name = Landmarks;
			productName = Landmarks;
			productReference = B343B56F2B6D935A001186C4 /* Landmarks.app */;
			productType = "com.apple.product-type.application";
		};
/* End PBXNativeTarget section */

/* Begin PBXProject section */
		B343B5672B6D935A001186C4 /* Project object */ = {
			isa = PBXProject;
			attributes = {
				BuildIndependentTargetsInParallel = 1;
				LastSwiftUpdateCheck = 1520;
				LastUpgradeCheck = 1520;
				TargetAttributes = {
					B343B56E2B6D935A001186C4 = {
						CreatedOnToolsVersion = 15.2;
					};
				};
			};
			buildConfigurationList = B343B56A2B6D935A001186C4 /* Build configuration list for PBXProject "Landmarks" */;
			compatibilityVersion = "Xcode 14.0";
			developmentRegion = en;
			hasScannedForEncodings = 0;
			knownRegions = (
				en,
				Base,
			);
			mainGroup = B343B5662B6D935A001186C4;
			productRefGroup = B343B5702B6D935A001186C4 /* Products */;
			projectDirPath = "";
			projectRoot = "";
			targets = (
				B343B56E2B6D935A001186C4 /* Landmarks */,
			);
		};
/* End PBXProject section */

/* Begin PBXResourcesBuildPhase section */
		B343B56D2B6D935A001186C4 /* Resources */ = {
			isa = PBXResourcesBuildPhase;
			buildActionMask = 2147483647;
			files = (
				B343B57A2B6D935B001186C4 /* Preview Assets.xcassets in Resources */,
				B343B5772B6D935B001186C4 /* Assets.xcassets in Resources */,
				B3AF73CF2B6DA9F200AA075B /* landmarkData.json in Resources */,
			);
			runOnlyForDeploymentPostprocessing = 0;
		};
/* End PBXResourcesBuildPhase section */

/* Begin PBXSourcesBuildPhase section */
		B343B56B2B6D935A001186C4 /* Sources */ = {
			isa = PBXSourcesBuildPhase;
			buildActionMask = 2147483647;
			files = (
				B343B5752B6D935A001186C4 /* ContentView.swift in Sources */,
				B36850DA2B6F017200948525 /* Badge.swift in Sources */,
				B3AF73CD2B6D9B3400AA075B /* MapView.swift in Sources */,
				B343B5732B6D935A001186C4 /* LandmarksApp.swift in Sources */,
				B36850CD2B6ECE9E00948525 /* FavoriteButton.swift in Sources */,
				B36850D22B6EDFD900948525 /* HexagonParameters.swift in Sources */,
				B36850D82B6F00ED00948525 /* RotatedBadgeSymbol.swift in Sources */,
				B36850D62B6EFFE100948525 /* BadgeSymbol.swift in Sources */,
				B3AF73DD2B6DB5A100AA075B /* LandmarkList.swift in Sources */,
				B3AF73E12B6DB7A800AA075B /* LandmarkDetail.swift in Sources */,
				B36850D42B6EE0D400948525 /* BadgeBackground.swift in Sources */,
				B3AF73CB2B6D99FB00AA075B /* CircleImage.swift in Sources */,
				B3AF73D12B6DAA4800AA075B /* Landmark.swift in Sources */,
				B3AF73DB2B6DB1A200AA075B /* LandmarkRow.swift in Sources */,
				B3AF73D52B6DADC600AA075B /* ModelData.swift in Sources */,
			);
			runOnlyForDeploymentPostprocessing = 0;
		};
/* End PBXSourcesBuildPhase section */

/* Begin XCBuildConfiguration section */
		B343B57B2B6D935B001186C4 /* Debug */ = {
			isa = XCBuildConfiguration;
			buildSettings = {
				ALWAYS_SEARCH_USER_PATHS = NO;
				ASSETCATALOG_COMPILER_GENERATE_SWIFT_ASSET_SYMBOL_EXTENSIONS = YES;
				CLANG_ANALYZER_NONNULL = YES;
				CLANG_ANALYZER_NUMBER_OBJECT_CONVERSION = YES_AGGRESSIVE;
				CLANG_CXX_LANGUAGE_STANDARD = "gnu++20";
				CLANG_ENABLE_MODULES = YES;
				CLANG_ENABLE_OBJC_ARC = YES;
				CLANG_ENABLE_OBJC_WEAK = YES;
				CLANG_WARN_BLOCK_CAPTURE_AUTORELEASING = YES;
				CLANG_WARN_BOOL_CONVERSION = YES;
				CLANG_WARN_COMMA = YES;
				CLANG_WARN_CONSTANT_CONVERSION = YES;
				CLANG_WARN_DEPRECATED_OBJC_IMPLEMENTATIONS = YES;
				CLANG_WARN_DIRECT_OBJC_ISA_USAGE = YES_ERROR;
				CLANG_WARN_DOCUMENTATION_COMMENTS = YES;
				CLANG_WARN_EMPTY_BODY = YES;
				CLANG_WARN_ENUM_CONVERSION = YES;
				CLANG_WARN_INFINITE_RECURSION = YES;
				CLANG_WARN_INT_CONVERSION = YES;
				CLANG_WARN_NON_LITERAL_NULL_CONVERSION = YES;
				CLANG_WARN_OBJC_IMPLICIT_RETAIN_SELF = YES;
				CLANG_WARN_OBJC_LITERAL_CONVERSION = YES;
				CLANG_WARN_OBJC_ROOT_CLASS = YES_ERROR;
				CLANG_WARN_QUOTED_INCLUDE_IN_FRAMEWORK_HEADER = YES;
				CLANG_WARN_RANGE_LOOP_ANALYSIS = YES;
				CLANG_WARN_STRICT_PROTOTYPES = YES;
				CLANG_WARN_SUSPICIOUS_MOVE = YES;
				CLANG_WARN_UNGUARDED_AVAILABILITY = YES_AGGRESSIVE;
				CLANG_WARN_UNREACHABLE_CODE = YES;
				CLANG_WARN__DUPLICATE_METHOD_MATCH = YES;
				COPY_PHASE_STRIP = NO;
				DEBUG_INFORMATION_FORMAT = dwarf;
				ENABLE_STRICT_OBJC_MSGSEND = YES;
				ENABLE_TESTABILITY = YES;
				ENABLE_USER_SCRIPT_SANDBOXING = YES;
				GCC_C_LANGUAGE_STANDARD = gnu17;
				GCC_DYNAMIC_NO_PIC = NO;
				GCC_NO_COMMON_BLOCKS = YES;
				GCC_OPTIMIZATION_LEVEL = 0;
				GCC_PREPROCESSOR_DEFINITIONS = (
					"DEBUG=1",
					"$(inherited)",
				);
				GCC_WARN_64_TO_32_BIT_CONVERSION = YES;
				GCC_WARN_ABOUT_RETURN_TYPE = YES_ERROR;
				GCC_WARN_UNDECLARED_SELECTOR = YES;
				GCC_WARN_UNINITIALIZED_AUTOS = YES_AGGRESSIVE;
				GCC_WARN_UNUSED_FUNCTION = YES;
				GCC_WARN_UNUSED_VARIABLE = YES;
				IPHONEOS_DEPLOYMENT_TARGET = 17.2;
				LOCALIZATION_PREFERS_STRING_CATALOGS = YES;
				MTL_ENABLE_DEBUG_INFO = INCLUDE_SOURCE;
				MTL_FAST_MATH = YES;
				ONLY_ACTIVE_ARCH = YES;
				SDKROOT = iphoneos;
				SWIFT_ACTIVE_COMPILATION_CONDITIONS = "DEBUG $(inherited)";
				SWIFT_OPTIMIZATION_LEVEL = "-Onone";
			};
			name = Debug;
		};
		B343B57C2B6D935B001186C4 /* Release */ = {
			isa = XCBuildConfiguration;
			buildSettings = {
				ALWAYS_SEARCH_USER_PATHS = NO;
				ASSETCATALOG_COMPILER_GENERATE_SWIFT_ASSET_SYMBOL_EXTENSIONS = YES;
				CLANG_ANALYZER_NONNULL = YES;
				CLANG_ANALYZER_NUMBER_OBJECT_CONVERSION = YES_AGGRESSIVE;
				CLANG_CXX_LANGUAGE_STANDARD = "gnu++20";
				CLANG_ENABLE_MODULES = YES;
				CLANG_ENABLE_OBJC_ARC = YES;
				CLANG_ENABLE_OBJC_WEAK = YES;
				CLANG_WARN_BLOCK_CAPTURE_AUTORELEASING = YES;
				CLANG_WARN_BOOL_CONVERSION = YES;
				CLANG_WARN_COMMA = YES;
				CLANG_WARN_CONSTANT_CONVERSION = YES;
				CLANG_WARN_DEPRECATED_OBJC_IMPLEMENTATIONS = YES;
				CLANG_WARN_DIRECT_OBJC_ISA_USAGE = YES_ERROR;
				CLANG_WARN_DOCUMENTATION_COMMENTS = YES;
				CLANG_WARN_EMPTY_BODY = YES;
				CLANG_WARN_ENUM_CONVERSION = YES;
				CLANG_WARN_INFINITE_RECURSION = YES;
				CLANG_WARN_INT_CONVERSION = YES;
				CLANG_WARN_NON_LITERAL_NULL_CONVERSION = YES;
				CLANG_WARN_OBJC_IMPLICIT_RETAIN_SELF = YES;
				CLANG_WARN_OBJC_LITERAL_CONVERSION = YES;
				CLANG_WARN_OBJC_ROOT_CLASS = YES_ERROR;
				CLANG_WARN_QUOTED_INCLUDE_IN_FRAMEWORK_HEADER = YES;
				CLANG_WARN_RANGE_LOOP_ANALYSIS = YES;
				CLANG_WARN_STRICT_PROTOTYPES = YES;
				CLANG_WARN_SUSPICIOUS_MOVE = YES;
				CLANG_WARN_UNGUARDED_AVAILABILITY = YES_AGGRESSIVE;
				CLANG_WARN_UNREACHABLE_CODE = YES;
				CLANG_WARN__DUPLICATE_METHOD_MATCH = YES;
				COPY_PHASE_STRIP = NO;
				DEBUG_INFORMATION_FORMAT = "dwarf-with-dsym";
				ENABLE_NS_ASSERTIONS = NO;
				ENABLE_STRICT_OBJC_MSGSEND = YES;
				ENABLE_USER_SCRIPT_SANDBOXING = YES;
				GCC_C_LANGUAGE_STANDARD = gnu17;
				GCC_NO_COMMON_BLOCKS = YES;
				GCC_WARN_64_TO_32_BIT_CONVERSION = YES;
				GCC_WARN_ABOUT_RETURN_TYPE = YES_ERROR;
				GCC_WARN_UNDECLARED_SELECTOR = YES;
				GCC_WARN_UNINITIALIZED_AUTOS = YES_AGGRESSIVE;
				GCC_WARN_UNUSED_FUNCTION = YES;
				GCC_WARN_UNUSED_VARIABLE = YES;
				IPHONEOS_DEPLOYMENT_TARGET = 17.2;
				LOCALIZATION_PREFERS_STRING_CATALOGS = YES;
				MTL_ENABLE_DEBUG_INFO = NO;
				MTL_FAST_MATH = YES;
				SDKROOT = iphoneos;
				SWIFT_COMPILATION_MODE = wholemodule;
				VALIDATE_PRODUCT = YES;
			};
			name = Release;
		};
		B343B57E2B6D935B001186C4 /* Debug */ = {
			isa = XCBuildConfiguration;
			buildSettings = {
				ASSETCATALOG_COMPILER_APPICON_NAME = AppIcon;
				ASSETCATALOG_COMPILER_GLOBAL_ACCENT_COLOR_NAME = AccentColor;
				CODE_SIGN_STYLE = Automatic;
				CURRENT_PROJECT_VERSION = 1;
				DEVELOPMENT_ASSET_PATHS = "\"Landmarks/Preview Content\"";
				ENABLE_PREVIEWS = YES;
				GENERATE_INFOPLIST_FILE = YES;
				INFOPLIST_KEY_UIApplicationSceneManifest_Generation = YES;
				INFOPLIST_KEY_UIApplicationSupportsIndirectInputEvents = YES;
				INFOPLIST_KEY_UILaunchScreen_Generation = YES;
				INFOPLIST_KEY_UISupportedInterfaceOrientations_iPad = "UIInterfaceOrientationPortrait UIInterfaceOrientationPortraitUpsideDown UIInterfaceOrientationLandscapeLeft UIInterfaceOrientationLandscapeRight";
				INFOPLIST_KEY_UISupportedInterfaceOrientations_iPhone = "UIInterfaceOrientationPortrait UIInterfaceOrientationLandscapeLeft UIInterfaceOrientationLandscapeRight";
				LD_RUNPATH_SEARCH_PATHS = (
					"$(inherited)",
					"@executable_path/Frameworks",
				);
				MARKETING_VERSION = 1.0;
				PRODUCT_BUNDLE_IDENTIFIER = "com.example.apple-samplecode.Landmarks";
				PRODUCT_NAME = "$(TARGET_NAME)";
				SWIFT_EMIT_LOC_STRINGS = YES;
				SWIFT_VERSION = 5.0;
				TARGETED_DEVICE_FAMILY = "1,2";
			};
			name = Debug;
		};
		B343B57F2B6D935B001186C4 /* Release */ = {
			isa = XCBuildConfiguration;
			buildSettings = {
				ASSETCATALOG_COMPILER_APPICON_NAME = AppIcon;
				ASSETCATALOG_COMPILER_GLOBAL_ACCENT_COLOR_NAME = AccentColor;
				CODE_SIGN_STYLE = Automatic;
				CURRENT_PROJECT_VERSION = 1;
				DEVELOPMENT_ASSET_PATHS = "\"Landmarks/Preview Content\"";
				ENABLE_PREVIEWS = YES;
				GENERATE_INFOPLIST_FILE = YES;
				INFOPLIST_KEY_UIApplicationSceneManifest_Generation = YES;
				INFOPLIST_KEY_UIApplicationSupportsIndirectInputEvents = YES;
				INFOPLIST_KEY_UILaunchScreen_Generation = YES;
				INFOPLIST_KEY_UISupportedInterfaceOrientations_iPad = "UIInterfaceOrientationPortrait UIInterfaceOrientationPortraitUpsideDown UIInterfaceOrientationLandscapeLeft UIInterfaceOrientationLandscapeRight";
				INFOPLIST_KEY_UISupportedInterfaceOrientations_iPhone = "UIInterfaceOrientationPortrait UIInterfaceOrientationLandscapeLeft UIInterfaceOrientationLandscapeRight";
				LD_RUNPATH_SEARCH_PATHS = (
					"$(inherited)",
					"@executable_path/Frameworks",
				);
				MARKETING_VERSION = 1.0;
				PRODUCT_BUNDLE_IDENTIFIER = "com.example.apple-samplecode.Landmarks";
				PRODUCT_NAME = "$(TARGET_NAME)";
				SWIFT_EMIT_LOC_STRINGS = YES;
				SWIFT_VERSION = 5.0;
				TARGETED_DEVICE_FAMILY = "1,2";
			};
			name = Release;
		};
/* End XCBuildConfiguration section */

/* Begin XCConfigurationList section */
		B343B56A2B6D935A001186C4 /* Build configuration list for PBXProject "Landmarks" */ = {
			isa = XCConfigurationList;
			buildConfigurations = (
				B343B57B2B6D935B001186C4 /* Debug */,
				B343B57C2B6D935B001186C4 /* Release */,
			);
			defaultConfigurationIsVisible = 0;
			defaultConfigurationName = Release;
		};
		B343B57D2B6D935B001186C4 /* Build configuration list for PBXNativeTarget "Landmarks" */ = {
			isa = XCConfigurationList;
			buildConfigurations = (
				B343B57E2B6D935B001186C4 /* Debug */,
				B343B57F2B6D935B001186C4 /* Release */,
			);
			defaultConfigurationIsVisible = 0;
			defaultConfigurationName = Release;
		};
/* End XCConfigurationList section */
	};
	rootObject = B343B5672B6D935A001186C4 /* Project object */;
}
